
Microsoft Visual Studio Solution File, Format Version 12.00
# Visual Studio 14
VisualStudioVersion = 14.0.25420.1
MinimumVisualStudioVersion = 10.0.40219.1
Project("{FAE04EC0-301F-11D3-BF4B-00C04F79EFBC}") = "HelloWorld", "HelloWorld\HelloWorld.csproj", "{DB9D7D15-8BC0-4877-98F2-9B87B215C080}"
EndProject
Global
	GlobalSection(SolutionConfigurationPlatforms) = preSolution
		Debug|Any CPU = Debug|Any CPU
		Release|Any CPU = Release|Any CPU
	EndGlobalSection
	GlobalSection(ProjectConfigurationPlatforms) = postSolution
		{DB9D7D15-8BC0-4877-98F2-9B87B215C080}.Debug|Any CPU.ActiveCfg = Debug|Any CPU
		{DB9D7D15-8BC0-4877-98F2-9B87B215C080}.Debug|Any CPU.Build.0 = Debug|Any CPU
		{DB9D7D15-8BC0-4877-98F2-9B87B215C080}.Release|Any CPU.ActiveCfg = Release|Any CPU
		{DB9D7D15-8BC0-4877-98F2-9B87B215C080}.Release|Any CPU.Build.0 = Release|Any CPU
	EndGlobalSection
	GlobalSection(SolutionProperties) = preSolution
		HideSolutionNode = FALSE
	EndGlobalSection
EndGlobal
